
Microsoft Visual Studio Solution File, Format Version 12.00
Project("{F2A71F9B-5D33-465A-A702-920D77279786}") = "Slot.Games.QueenBee", "Slot.Games.QueenBee\Slot.Games.QueenBee.fsproj", "{2C3756FC-7F37-4F6D-82BA-2C219F49ABF0}"
EndProject
Project("{F2A71F9B-5D33-465A-A702-920D77279786}") = "Slot.Games.QueenBeeTests", "Slot.Games.QueenBeeTests\Slot.Games.QueenBeeTests.fsproj", "{AC39EAD9-1079-43BB-A3C4-A0E9467AF529}"
EndProject
Project("{F2A71F9B-5D33-465A-A702-920D77279786}") = "Slot.Web", "Slot.Web\Slot.Web.fsproj", "{AED90619-4423-4BA8-A3EB-274945132439}"
EndProject
Project("{F2A71F9B-5D33-465A-A702-920D77279786}") = "Slot.Games.PhantomThief", "Slot.Games.PhantomThief\Slot.Games.PhantomThief.fsproj", "{94B98FFE-1828-400C-A465-3D56D764475A}"
EndProject
Project("{F2A71F9B-5D33-465A-A702-920D77279786}") = "Slot.Game.Prelude", "Slot.Game.Prelude\Slot.Game.Prelude.fsproj", "{36A2BFEC-BB04-4F40-A72E-1A58CF943324}"
EndProject
Project("{F2A71F9B-5D33-465A-A702-920D77279786}") = "Slot.Game.PreludeTests", "Slot.Game.PreludeTests\Slot.Game.PreludeTests.fsproj", "{729F36B8-AA76-4CD9-A7C1-7C8CFBEF95C9}"
EndProject
Project("{F2A71F9B-5D33-465A-A702-920D77279786}") = "Slot.Games.PhantomThiefTests", "Slot.Games.PhantomThiefTests\Slot.Games.PhantomThiefTests.fsproj", "{A2E53291-B718-4D86-B790-C890E0311EBF}"
EndProject
Global
	GlobalSection(SolutionConfigurationPlatforms) = preSolution
		Debug|Any CPU = Debug|Any CPU
		Release|Any CPU = Release|Any CPU
	EndGlobalSection
	GlobalSection(ProjectConfigurationPlatforms) = postSolution
		{2C3756FC-7F37-4F6D-82BA-2C219F49ABF0}.Debug|Any CPU.ActiveCfg = Debug|Any CPU
		{2C3756FC-7F37-4F6D-82BA-2C219F49ABF0}.Debug|Any CPU.Build.0 = Debug|Any CPU
		{2C3756FC-7F37-4F6D-82BA-2C219F49ABF0}.Release|Any CPU.ActiveCfg = Release|Any CPU
		{2C3756FC-7F37-4F6D-82BA-2C219F49ABF0}.Release|Any CPU.Build.0 = Release|Any CPU
		{AC39EAD9-1079-43BB-A3C4-A0E9467AF529}.Debug|Any CPU.ActiveCfg = Debug|Any CPU
		{AC39EAD9-1079-43BB-A3C4-A0E9467AF529}.Debug|Any CPU.Build.0 = Debug|Any CPU
		{AC39EAD9-1079-43BB-A3C4-A0E9467AF529}.Release|Any CPU.ActiveCfg = Release|Any CPU
		{AC39EAD9-1079-43BB-A3C4-A0E9467AF529}.Release|Any CPU.Build.0 = Release|Any CPU
		{AED90619-4423-4BA8-A3EB-274945132439}.Debug|Any CPU.ActiveCfg = Debug|Any CPU
		{AED90619-4423-4BA8-A3EB-274945132439}.Debug|Any CPU.Build.0 = Debug|Any CPU
		{AED90619-4423-4BA8-A3EB-274945132439}.Release|Any CPU.ActiveCfg = Release|Any CPU
		{AED90619-4423-4BA8-A3EB-274945132439}.Release|Any CPU.Build.0 = Release|Any CPU
		{94B98FFE-1828-400C-A465-3D56D764475A}.Debug|Any CPU.ActiveCfg = Debug|Any CPU
		{94B98FFE-1828-400C-A465-3D56D764475A}.Debug|Any CPU.Build.0 = Debug|Any CPU
		{94B98FFE-1828-400C-A465-3D56D764475A}.Release|Any CPU.ActiveCfg = Release|Any CPU
		{94B98FFE-1828-400C-A465-3D56D764475A}.Release|Any CPU.Build.0 = Release|Any CPU
		{36A2BFEC-BB04-4F40-A72E-1A58CF943324}.Debug|Any CPU.ActiveCfg = Debug|Any CPU
		{36A2BFEC-BB04-4F40-A72E-1A58CF943324}.Debug|Any CPU.Build.0 = Debug|Any CPU
		{36A2BFEC-BB04-4F40-A72E-1A58CF943324}.Release|Any CPU.ActiveCfg = Release|Any CPU
		{36A2BFEC-BB04-4F40-A72E-1A58CF943324}.Release|Any CPU.Build.0 = Release|Any CPU
		{729F36B8-AA76-4CD9-A7C1-7C8CFBEF95C9}.Debug|Any CPU.ActiveCfg = Debug|Any CPU
		{729F36B8-AA76-4CD9-A7C1-7C8CFBEF95C9}.Debug|Any CPU.Build.0 = Debug|Any CPU
		{729F36B8-AA76-4CD9-A7C1-7C8CFBEF95C9}.Release|Any CPU.ActiveCfg = Release|Any CPU
		{729F36B8-AA76-4CD9-A7C1-7C8CFBEF95C9}.Release|Any CPU.Build.0 = Release|Any CPU
		{A2E53291-B718-4D86-B790-C890E0311EBF}.Debug|Any CPU.ActiveCfg = Debug|Any CPU
		{A2E53291-B718-4D86-B790-C890E0311EBF}.Debug|Any CPU.Build.0 = Debug|Any CPU
		{A2E53291-B718-4D86-B790-C890E0311EBF}.Release|Any CPU.ActiveCfg = Release|Any CPU
		{A2E53291-B718-4D86-B790-C890E0311EBF}.Release|Any CPU.Build.0 = Release|Any CPU
	EndGlobalSection
EndGlobal
